# This file is generated by running "yarn install" inside your project.
# Manual changes might be lost - proceed with caution!

__metadata:
  version: 8
  cacheKey: 10c0

"@types/lodash@npm:^4":
  version: 4.17.21
  resolution: "@types/lodash@npm:4.17.21"
  checksum: 10c0/73cb006e047d8871e9d63f3a165543bf16c44a5b6fe3f9f6299e37cb8d67a7b1d55ac730959a81f9def510fd07232ff7e30e05413e5d5a12793baad84ebe36c3
  languageName: node
  linkType: hard

"@types/node@npm:~22":
  version: 22.19.1
  resolution: "@types/node@npm:22.19.1"
  dependencies:
    undici-types: "npm:~6.21.0"
  checksum: 10c0/6edd93aea86da740cb7872626839cd6f4a67a049d3a3a6639cb592c620ec591408a30989ab7410008d1a0b2d4985ce50f1e488e79c033e4476d3bec6833b0a2f
  languageName: node
  linkType: hard

"advent-of-code@workspace:.":
  version: 0.0.0-use.local
  resolution: "advent-of-code@workspace:."
  dependencies:
    "@types/lodash": "npm:^4"
    "@types/node": "npm:~22"
    lodash: "npm:^4.17.21"
    typescript: "npm:^5.9.3"
  languageName: unknown
  linkType: soft

"lodash@npm:^4.17.21":
  version: 4.17.21
  resolution: "lodash@npm:4.17.21"
  checksum: 10c0/d8cbea072bb08655bb4c989da418994b073a608dffa608b09ac04b43a791b12aeae7cd7ad919aa4c925f33b48490b5cfe6c1f71d827956071dae2e7bb3a6b74c
  languageName: node
  linkType: hard

"typescript@npm:^5.9.3":
  version: 5.9.3
  resolution: "typescript@npm:5.9.3"
  bin:
    tsc: bin/tsc
    tsserver: bin/tsserver
  checksum: 10c0/6bd7552ce39f97e711db5aa048f6f9995b53f1c52f7d8667c1abdc1700c68a76a308f579cd309ce6b53646deb4e9a1be7c813a93baaf0a28ccd536a30270e1c5
  languageName: node
  linkType: hard

"typescript@patch:typescript@npm%3A^5.9.3#optional!builtin<compat/typescript>":
  version: 5.9.3
  resolution: "typescript@patch:typescript@npm%3A5.9.3#optional!builtin<compat/typescript>::version=5.9.3&hash=5786d5"
  bin:
    tsc: bin/tsc
    tsserver: bin/tsserver
  checksum: 10c0/ad09fdf7a756814dce65bc60c1657b40d44451346858eea230e10f2e95a289d9183b6e32e5c11e95acc0ccc214b4f36289dcad4bf1886b0adb84d711d336a430
  languageName: node
  linkType: hard

"undici-types@npm:~6.21.0":
  version: 6.21.0
  resolution: "undici-types@npm:6.21.0"
  checksum: 10c0/c01ed51829b10aa72fc3ce64b747f8e74ae9b60eafa19a7b46ef624403508a54c526ffab06a14a26b3120d055e1104d7abe7c9017e83ced038ea5cf52f8d5e04
  languageName: node
  linkType: hard
